
Microsoft Visual Studio Solution File, Format Version 12.00
# Visual Studio Version 16
VisualStudioVersion = 16.0.31019.35
MinimumVisualStudioVersion = 10.0.40219.1
Project("{9A19103F-16F7-4668-BE54-9A1E7A4F7556}") = "Backend.Api", "Backend.Api\Backend.Api.csproj", "{0248FE4D-226E-4DB0-9DF3-70C436555A16}"
EndProject
Project("{2150E333-8FDC-42A3-9474-1A3956D46DE8}") = "1 - Backend", "1 - Backend", "{70176948-AFD8-484F-835C-190C8DC848DB}"
EndProject
Project("{2150E333-8FDC-42A3-9474-1A3956D46DE8}") = "4 - Lib", "4 - Lib", "{AC3B90F4-16E2-4979-973E-CEB7978D880F}"
EndProject
Project("{2150E333-8FDC-42A3-9474-1A3956D46DE8}") = "2 - Accounts", "2 - Accounts", "{669ABE87-ADE2-4AC8-A36A-683037796FF2}"
EndProject
Project("{9A19103F-16F7-4668-BE54-9A1E7A4F7556}") = "Accounts.Core", "Accounts\Accounts.Core\Accounts.Core.csproj", "{AEE93B25-9950-45B2-849E-4CE5C6FC1E3F}"
EndProject
Project("{9A19103F-16F7-4668-BE54-9A1E7A4F7556}") = "Accounts.Data", "Accounts\Accounts.Data\Accounts.Data.csproj", "{D32E2781-9A44-446D-B93A-987AAFABC008}"
EndProject
Project("{9A19103F-16F7-4668-BE54-9A1E7A4F7556}") = "Common", "Common\Common.csproj", "{35F71651-A682-451A-A87B-DBEA62ED9D43}"
EndProject
Project("{9A19103F-16F7-4668-BE54-9A1E7A4F7556}") = "Accounts.Controllers", "Accounts\Accounts.Controllers\Accounts.Controllers.csproj", "{AF7FEF9D-82F5-4CEF-9517-95AA7E07444F}"
EndProject
Project("{9A19103F-16F7-4668-BE54-9A1E7A4F7556}") = "Accounts.Services", "Accounts\Accounts.Services\Accounts.Services.csproj", "{2E535351-7827-44C7-BA20-580158CD07F4}"
EndProject
Project("{9A19103F-16F7-4668-BE54-9A1E7A4F7556}") = "Accounts.Migrations", "Accounts\Accounts.Migrations\Accounts.Migrations.csproj", "{344637FB-5C38-4101-BB03-26A4E1D44340}"
EndProject
Project("{2150E333-8FDC-42A3-9474-1A3956D46DE8}") = "3 - Forms", "3 - Forms", "{AEDBDD72-574B-4198-AD15-3F62E6DC034B}"
EndProject
Project("{9A19103F-16F7-4668-BE54-9A1E7A4F7556}") = "Forms.Core", "Forms\Forms.Core\Forms.Core.csproj", "{DE9404F0-364F-4599-BA4E-1AE3F1C86379}"
EndProject
Project("{9A19103F-16F7-4668-BE54-9A1E7A4F7556}") = "Forms.Data", "Forms\Forms.Data\Forms.Data.csproj", "{C397B109-F679-4EC9-A32F-A02CA4F8F6B6}"
EndProject
Project("{9A19103F-16F7-4668-BE54-9A1E7A4F7556}") = "Forms.Services", "Forms\Forms.Services\Forms.Services.csproj", "{25138A51-BF42-4169-B4B6-49C0923A7801}"
EndProject
Project("{9A19103F-16F7-4668-BE54-9A1E7A4F7556}") = "Forms.Controllers", "Forms\Forms.Controllers\Forms.Controllers.csproj", "{21506437-2D37-4D4C-94D4-34AA09B86B64}"
EndProject
Project("{FAE04EC0-301F-11D3-BF4B-00C04F79EFBC}") = "Forms.Migrations", "Forms\Forms.Migrations\Forms.Migrations.csproj", "{70AC75CE-5AE1-4973-95CC-F04414A3930D}"
EndProject
Global
	GlobalSection(SolutionConfigurationPlatforms) = preSolution
		Debug|Any CPU = Debug|Any CPU
		Release|Any CPU = Release|Any CPU
	EndGlobalSection
	GlobalSection(ProjectConfigurationPlatforms) = postSolution
		{0248FE4D-226E-4DB0-9DF3-70C436555A16}.Debug|Any CPU.ActiveCfg = Debug|Any CPU
		{0248FE4D-226E-4DB0-9DF3-70C436555A16}.Debug|Any CPU.Build.0 = Debug|Any CPU
		{0248FE4D-226E-4DB0-9DF3-70C436555A16}.Release|Any CPU.ActiveCfg = Release|Any CPU
		{0248FE4D-226E-4DB0-9DF3-70C436555A16}.Release|Any CPU.Build.0 = Release|Any CPU
		{AEE93B25-9950-45B2-849E-4CE5C6FC1E3F}.Debug|Any CPU.ActiveCfg = Debug|Any CPU
		{AEE93B25-9950-45B2-849E-4CE5C6FC1E3F}.Debug|Any CPU.Build.0 = Debug|Any CPU
		{AEE93B25-9950-45B2-849E-4CE5C6FC1E3F}.Release|Any CPU.ActiveCfg = Release|Any CPU
		{AEE93B25-9950-45B2-849E-4CE5C6FC1E3F}.Release|Any CPU.Build.0 = Release|Any CPU
		{D32E2781-9A44-446D-B93A-987AAFABC008}.Debug|Any CPU.ActiveCfg = Debug|Any CPU
		{D32E2781-9A44-446D-B93A-987AAFABC008}.Debug|Any CPU.Build.0 = Debug|Any CPU
		{D32E2781-9A44-446D-B93A-987AAFABC008}.Release|Any CPU.ActiveCfg = Release|Any CPU
		{D32E2781-9A44-446D-B93A-987AAFABC008}.Release|Any CPU.Build.0 = Release|Any CPU
		{35F71651-A682-451A-A87B-DBEA62ED9D43}.Debug|Any CPU.ActiveCfg = Debug|Any CPU
		{35F71651-A682-451A-A87B-DBEA62ED9D43}.Debug|Any CPU.Build.0 = Debug|Any CPU
		{35F71651-A682-451A-A87B-DBEA62ED9D43}.Release|Any CPU.ActiveCfg = Release|Any CPU
		{35F71651-A682-451A-A87B-DBEA62ED9D43}.Release|Any CPU.Build.0 = Release|Any CPU
		{AF7FEF9D-82F5-4CEF-9517-95AA7E07444F}.Debug|Any CPU.ActiveCfg = Debug|Any CPU
		{AF7FEF9D-82F5-4CEF-9517-95AA7E07444F}.Debug|Any CPU.Build.0 = Debug|Any CPU
		{AF7FEF9D-82F5-4CEF-9517-95AA7E07444F}.Release|Any CPU.ActiveCfg = Release|Any CPU
		{AF7FEF9D-82F5-4CEF-9517-95AA7E07444F}.Release|Any CPU.Build.0 = Release|Any CPU
		{2E535351-7827-44C7-BA20-580158CD07F4}.Debug|Any CPU.ActiveCfg = Debug|Any CPU
		{2E535351-7827-44C7-BA20-580158CD07F4}.Debug|Any CPU.Build.0 = Debug|Any CPU
		{2E535351-7827-44C7-BA20-580158CD07F4}.Release|Any CPU.ActiveCfg = Release|Any CPU
		{2E535351-7827-44C7-BA20-580158CD07F4}.Release|Any CPU.Build.0 = Release|Any CPU
		{344637FB-5C38-4101-BB03-26A4E1D44340}.Debug|Any CPU.ActiveCfg = Debug|Any CPU
		{344637FB-5C38-4101-BB03-26A4E1D44340}.Debug|Any CPU.Build.0 = Debug|Any CPU
		{344637FB-5C38-4101-BB03-26A4E1D44340}.Release|Any CPU.ActiveCfg = Release|Any CPU
		{344637FB-5C38-4101-BB03-26A4E1D44340}.Release|Any CPU.Build.0 = Release|Any CPU
		{DE9404F0-364F-4599-BA4E-1AE3F1C86379}.Debug|Any CPU.ActiveCfg = Debug|Any CPU
		{DE9404F0-364F-4599-BA4E-1AE3F1C86379}.Debug|Any CPU.Build.0 = Debug|Any CPU
		{DE9404F0-364F-4599-BA4E-1AE3F1C86379}.Release|Any CPU.ActiveCfg = Release|Any CPU
		{DE9404F0-364F-4599-BA4E-1AE3F1C86379}.Release|Any CPU.Build.0 = Release|Any CPU
		{C397B109-F679-4EC9-A32F-A02CA4F8F6B6}.Debug|Any CPU.ActiveCfg = Debug|Any CPU
		{C397B109-F679-4EC9-A32F-A02CA4F8F6B6}.Debug|Any CPU.Build.0 = Debug|Any CPU
		{C397B109-F679-4EC9-A32F-A02CA4F8F6B6}.Release|Any CPU.ActiveCfg = Release|Any CPU
		{C397B109-F679-4EC9-A32F-A02CA4F8F6B6}.Release|Any CPU.Build.0 = Release|Any CPU
		{25138A51-BF42-4169-B4B6-49C0923A7801}.Debug|Any CPU.ActiveCfg = Debug|Any CPU
		{25138A51-BF42-4169-B4B6-49C0923A7801}.Debug|Any CPU.Build.0 = Debug|Any CPU
		{25138A51-BF42-4169-B4B6-49C0923A7801}.Release|Any CPU.ActiveCfg = Release|Any CPU
		{25138A51-BF42-4169-B4B6-49C0923A7801}.Release|Any CPU.Build.0 = Release|Any CPU
		{21506437-2D37-4D4C-94D4-34AA09B86B64}.Debug|Any CPU.ActiveCfg = Debug|Any CPU
		{21506437-2D37-4D4C-94D4-34AA09B86B64}.Debug|Any CPU.Build.0 = Debug|Any CPU
		{21506437-2D37-4D4C-94D4-34AA09B86B64}.Release|Any CPU.ActiveCfg = Release|Any CPU
		{21506437-2D37-4D4C-94D4-34AA09B86B64}.Release|Any CPU.Build.0 = Release|Any CPU
		{70AC75CE-5AE1-4973-95CC-F04414A3930D}.Debug|Any CPU.ActiveCfg = Debug|Any CPU
		{70AC75CE-5AE1-4973-95CC-F04414A3930D}.Debug|Any CPU.Build.0 = Debug|Any CPU
		{70AC75CE-5AE1-4973-95CC-F04414A3930D}.Release|Any CPU.ActiveCfg = Release|Any CPU
		{70AC75CE-5AE1-4973-95CC-F04414A3930D}.Release|Any CPU.Build.0 = Release|Any CPU
	EndGlobalSection
	GlobalSection(SolutionProperties) = preSolution
		HideSolutionNode = FALSE
	EndGlobalSection
	GlobalSection(NestedProjects) = preSolution
		{0248FE4D-226E-4DB0-9DF3-70C436555A16} = {70176948-AFD8-484F-835C-190C8DC848DB}
		{AEE93B25-9950-45B2-849E-4CE5C6FC1E3F} = {669ABE87-ADE2-4AC8-A36A-683037796FF2}
		{D32E2781-9A44-446D-B93A-987AAFABC008} = {669ABE87-ADE2-4AC8-A36A-683037796FF2}
		{35F71651-A682-451A-A87B-DBEA62ED9D43} = {AC3B90F4-16E2-4979-973E-CEB7978D880F}
		{AF7FEF9D-82F5-4CEF-9517-95AA7E07444F} = {669ABE87-ADE2-4AC8-A36A-683037796FF2}
		{2E535351-7827-44C7-BA20-580158CD07F4} = {669ABE87-ADE2-4AC8-A36A-683037796FF2}
		{344637FB-5C38-4101-BB03-26A4E1D44340} = {669ABE87-ADE2-4AC8-A36A-683037796FF2}
		{DE9404F0-364F-4599-BA4E-1AE3F1C86379} = {AEDBDD72-574B-4198-AD15-3F62E6DC034B}
		{C397B109-F679-4EC9-A32F-A02CA4F8F6B6} = {AEDBDD72-574B-4198-AD15-3F62E6DC034B}
		{25138A51-BF42-4169-B4B6-49C0923A7801} = {AEDBDD72-574B-4198-AD15-3F62E6DC034B}
		{21506437-2D37-4D4C-94D4-34AA09B86B64} = {AEDBDD72-574B-4198-AD15-3F62E6DC034B}
		{70AC75CE-5AE1-4973-95CC-F04414A3930D} = {AEDBDD72-574B-4198-AD15-3F62E6DC034B}
	EndGlobalSection
	GlobalSection(ExtensibilityGlobals) = postSolution
		SolutionGuid = {7C5A8690-C530-4ECF-A48A-016E33C3970C}
	EndGlobalSection
EndGlobal
